// !$*UTF8*$!
{
	archiveVersion = 1;
	classes = {
	};
	objectVersion = 50;
	objects = {

/* Begin PBXBuildFile section */
		4A1549BE25ECE57C005BB883 /* AppDelegate.swift in Sources */ = {isa = PBXBuildFile; fileRef = 4A1549BD25ECE57C005BB883 /* AppDelegate.swift */; };
		4A1549C025ECE57C005BB883 /* SceneDelegate.swift in Sources */ = {isa = PBXBuildFile; fileRef = 4A1549BF25ECE57C005BB883 /* SceneDelegate.swift */; };
		4A1549C225ECE57C005BB883 /* ViewController.swift in Sources */ = {isa = PBXBuildFile; fileRef = 4A1549C125ECE57C005BB883 /* ViewController.swift */; };
		4A1549C525ECE57C005BB883 /* Main.storyboard in Resources */ = {isa = PBXBuildFile; fileRef = 4A1549C325ECE57C005BB883 /* Main.storyboard */; };
		4A1549C725ECE57D005BB883 /* Assets.xcassets in Resources */ = {isa = PBXBuildFile; fileRef = 4A1549C625ECE57D005BB883 /* Assets.xcassets */; };
		4A1549CA25ECE57D005BB883 /* LaunchScreen.storyboard in Resources */ = {isa = PBXBuildFile; fileRef = 4A1549C825ECE57D005BB883 /* LaunchScreen.storyboard */; };
/* End PBXBuildFile section */

/* Begin PBXFileReference section */
		4A1549BA25ECE57C005BB883 /* tabinoShiori.app */ = {isa = PBXFileReference; explicitFileType = wrapper.application; includeInIndex = 0; path = tabinoShiori.app; sourceTree = BUILT_PRODUCTS_DIR; };
		4A1549BD25ECE57C005BB883 /* AppDelegate.swift */ = {isa = PBXFileReference; lastKnownFileType = sourcecode.swift; path = AppDelegate.swift; sourceTree = "<group>"; };
		4A1549BF25ECE57C005BB883 /* SceneDelegate.swift */ = {isa = PBXFileReference; lastKnownFileType = sourcecode.swift; path = SceneDelegate.swift; sourceTree = "<group>"; };
		4A1549C125ECE57C005BB883 /* ViewController.swift */ = {isa = PBXFileReference; lastKnownFileType = sourcecode.swift; path = ViewController.swift; sourceTree = "<group>"; };
		4A1549C425ECE57C005BB883 /* Base */ = {isa = PBXFileReference; lastKnownFileType = file.storyboard; name = Base; path = Base.lproj/Main.storyboard; sourceTree = "<group>"; };
		4A1549C625ECE57D005BB883 /* Assets.xcassets */ = {isa = PBXFileReference; lastKnownFileType = folder.assetcatalog; path = Assets.xcassets; sourceTree = "<group>"; };
		4A1549C925ECE57D005BB883 /* Base */ = {isa = PBXFileReference; lastKnownFileType = file.storyboard; name = Base; path = Base.lproj/LaunchScreen.storyboard; sourceTree = "<group>"; };
		4A1549CB25ECE57D005BB883 /* Info.plist */ = {isa = PBXFileReference; lastKnownFileType = text.plist.xml; path = Info.plist; sourceTree = "<group>"; };
/* End PBXFileReference section */

/* Begin PBXFrameworksBuildPhase section */
		4A1549B725ECE57C005BB883 /* Frameworks */ = {
			isa = PBXFrameworksBuildPhase;
			buildActionMask = 2147483647;
			files = (
			);
			runOnlyForDeploymentPostprocessing = 0;
		};
/* End PBXFrameworksBuildPhase section */

/* Begin PBXGroup section */
		4A1549B125ECE57C005BB883 = {
			isa = PBXGroup;
			children = (
				4A1549BC25ECE57C005BB883 /* tabinoShiori */,
				4A1549BB25ECE57C005BB883 /* Products */,
			);
			sourceTree = "<group>";
		};
		4A1549BB25ECE57C005BB883 /* Products */ = {
			isa = PBXGroup;
			children = (
				4A1549BA25ECE57C005BB883 /* tabinoShiori.app */,
			);
			name = Products;
			sourceTree = "<group>";
		};
		4A1549BC25ECE57C005BB883 /* tabinoShiori */ = {
			isa = PBXGroup;
			children = (
				4A1549BD25ECE57C005BB883 /* AppDelegate.swift */,
				4A1549BF25ECE57C005BB883 /* SceneDelegate.swift */,
				4A1549C125ECE57C005BB883 /* ViewController.swift */,
				4A1549C325ECE57C005BB883 /* Main.storyboard */,
				4A1549C625ECE57D005BB883 /* Assets.xcassets */,
				4A1549C825ECE57D005BB883 /* LaunchScreen.storyboard */,
				4A1549CB25ECE57D005BB883 /* Info.plist */,
			);
			path = tabinoShiori;
			sourceTree = "<group>";
		};
/* End PBXGroup section */

/* Begin PBXNativeTarget section */
		4A1549B925ECE57C005BB883 /* tabinoShiori */ = {
			isa = PBXNativeTarget;
			buildConfigurationList = 4A1549CE25ECE57D005BB883 /* Build configuration list for PBXNativeTarget "tabinoShiori" */;
			buildPhases = (
				4A1549B625ECE57C005BB883 /* Sources */,
				4A1549B725ECE57C005BB883 /* Frameworks */,
				4A1549B825ECE57C005BB883 /* Resources */,
			);
			buildRules = (
			);
			dependencies = (
			);
			name = tabinoShiori;
			productName = tabinoShiori;
			productReference = 4A1549BA25ECE57C005BB883 /* tabinoShiori.app */;
			productType = "com.apple.product-type.application";
		};
/* End PBXNativeTarget section */

/* Begin PBXProject section */
		4A1549B225ECE57C005BB883 /* Project object */ = {
			isa = PBXProject;
			attributes = {
				LastSwiftUpdateCheck = 1130;
				LastUpgradeCheck = 1130;
				ORGANIZATIONNAME = "川邉拓哉";
				TargetAttributes = {
					4A1549B925ECE57C005BB883 = {
						CreatedOnToolsVersion = 11.3.1;
					};
				};
			};
			buildConfigurationList = 4A1549B525ECE57C005BB883 /* Build configuration list for PBXProject "tabinoShiori" */;
			compatibilityVersion = "Xcode 9.3";
			developmentRegion = en;
			hasScannedForEncodings = 0;
			knownRegions = (
				en,
				Base,
			);
			mainGroup = 4A1549B125ECE57C005BB883;
			productRefGroup = 4A1549BB25ECE57C005BB883 /* Products */;
			projectDirPath = "";
			projectRoot = "";
			targets = (
				4A1549B925ECE57C005BB883 /* tabinoShiori */,
			);
		};
/* End PBXProject section */

/* Begin PBXResourcesBuildPhase section */
		4A1549B825ECE57C005BB883 /* Resources */ = {
			isa = PBXResourcesBuildPhase;
			buildActionMask = 2147483647;
			files = (
				4A1549CA25ECE57D005BB883 /* LaunchScreen.storyboard in Resources */,
				4A1549C725ECE57D005BB883 /* Assets.xcassets in Resources */,
				4A1549C525ECE57C005BB883 /* Main.storyboard in Resources */,
			);
			runOnlyForDeploymentPostprocessing = 0;
		};
/* End PBXResourcesBuildPhase section */

/* Begin PBXSourcesBuildPhase section */
		4A1549B625ECE57C005BB883 /* Sources */ = {
			isa = PBXSourcesBuildPhase;
			buildActionMask = 2147483647;
			files = (
				4A1549C225ECE57C005BB883 /* ViewController.swift in Sources */,
				4A1549BE25ECE57C005BB883 /* AppDelegate.swift in Sources */,
				4A1549C025ECE57C005BB883 /* SceneDelegate.swift in Sources */,
			);
			runOnlyForDeploymentPostprocessing = 0;
		};
/* End PBXSourcesBuildPhase section */

/* Begin PBXVariantGroup section */
		4A1549C325ECE57C005BB883 /* Main.storyboard */ = {
			isa = PBXVariantGroup;
			children = (
				4A1549C425ECE57C005BB883 /* Base */,
			);
			name = Main.storyboard;
			sourceTree = "<group>";
		};
		4A1549C825ECE57D005BB883 /* LaunchScreen.storyboard */ = {
			isa = PBXVariantGroup;
			children = (
				4A1549C925ECE57D005BB883 /* Base */,
			);
			name = LaunchScreen.storyboard;
			sourceTree = "<group>";
		};
/* End PBXVariantGroup section */

/* Begin XCBuildConfiguration section */
		4A1549CC25ECE57D005BB883 /* Debug */ = {
			isa = XCBuildConfiguration;
			buildSettings = {
				ALWAYS_SEARCH_USER_PATHS = NO;
				CLANG_ANALYZER_NONNULL = YES;
				CLANG_ANALYZER_NUMBER_OBJECT_CONVERSION = YES_AGGRESSIVE;
				CLANG_CXX_LANGUAGE_STANDARD = "gnu++14";
				CLANG_CXX_LIBRARY = "libc++";
				CLANG_ENABLE_MODULES = YES;
				CLANG_ENABLE_OBJC_ARC = YES;
				CLANG_ENABLE_OBJC_WEAK = YES;
				CLANG_WARN_BLOCK_CAPTURE_AUTORELEASING = YES;
				CLANG_WARN_BOOL_CONVERSION = YES;
				CLANG_WARN_COMMA = YES;
				CLANG_WARN_CONSTANT_CONVERSION = YES;
				CLANG_WARN_DEPRECATED_OBJC_IMPLEMENTATIONS = YES;
				CLANG_WARN_DIRECT_OBJC_ISA_USAGE = YES_ERROR;
				CLANG_WARN_DOCUMENTATION_COMMENTS = YES;
				CLANG_WARN_EMPTY_BODY = YES;
				CLANG_WARN_ENUM_CONVERSION = YES;
				CLANG_WARN_INFINITE_RECURSION = YES;
				CLANG_WARN_INT_CONVERSION = YES;
				CLANG_WARN_NON_LITERAL_NULL_CONVERSION = YES;
				CLANG_WARN_OBJC_IMPLICIT_RETAIN_SELF = YES;
				CLANG_WARN_OBJC_LITERAL_CONVERSION = YES;
				CLANG_WARN_OBJC_ROOT_CLASS = YES_ERROR;
				CLANG_WARN_RANGE_LOOP_ANALYSIS = YES;
				CLANG_WARN_STRICT_PROTOTYPES = YES;
				CLANG_WARN_SUSPICIOUS_MOVE = YES;
				CLANG_WARN_UNGUARDED_AVAILABILITY = YES_AGGRESSIVE;
				CLANG_WARN_UNREACHABLE_CODE = YES;
				CLANG_WARN__DUPLICATE_METHOD_MATCH = YES;
				COPY_PHASE_STRIP = NO;
				DEBUG_INFORMATION_FORMAT = dwarf;
				ENABLE_STRICT_OBJC_MSGSEND = YES;
				ENABLE_TESTABILITY = YES;
				GCC_C_LANGUAGE_STANDARD = gnu11;
				GCC_DYNAMIC_NO_PIC = NO;
				GCC_NO_COMMON_BLOCKS = YES;
				GCC_OPTIMIZATION_LEVEL = 0;
				GCC_PREPROCESSOR_DEFINITIONS = (
					"DEBUG=1",
					"$(inherited)",
				);
				GCC_WARN_64_TO_32_BIT_CONVERSION = YES;
				GCC_WARN_ABOUT_RETURN_TYPE = YES_ERROR;
				GCC_WARN_UNDECLARED_SELECTOR = YES;
				GCC_WARN_UNINITIALIZED_AUTOS = YES_AGGRESSIVE;
				GCC_WARN_UNUSED_FUNCTION = YES;
				GCC_WARN_UNUSED_VARIABLE = YES;
				IPHONEOS_DEPLOYMENT_TARGET = 13.2;
				MTL_ENABLE_DEBUG_INFO = INCLUDE_SOURCE;
				MTL_FAST_MATH = YES;
				ONLY_ACTIVE_ARCH = YES;
				SDKROOT = iphoneos;
				SWIFT_ACTIVE_COMPILATION_CONDITIONS = DEBUG;
				SWIFT_OPTIMIZATION_LEVEL = "-Onone";
			};
			name = Debug;
		};
		4A1549CD25ECE57D005BB883 /* Release */ = {
			isa = XCBuildConfiguration;
			buildSettings = {
				ALWAYS_SEARCH_USER_PATHS = NO;
				CLANG_ANALYZER_NONNULL = YES;
				CLANG_ANALYZER_NUMBER_OBJECT_CONVERSION = YES_AGGRESSIVE;
				CLANG_CXX_LANGUAGE_STANDARD = "gnu++14";
				CLANG_CXX_LIBRARY = "libc++";
				CLANG_ENABLE_MODULES = YES;
				CLANG_ENABLE_OBJC_ARC = YES;
				CLANG_ENABLE_OBJC_WEAK = YES;
				CLANG_WARN_BLOCK_CAPTURE_AUTORELEASING = YES;
				CLANG_WARN_BOOL_CONVERSION = YES;
				CLANG_WARN_COMMA = YES;
				CLANG_WARN_CONSTANT_CONVERSION = YES;
				CLANG_WARN_DEPRECATED_OBJC_IMPLEMENTATIONS = YES;
				CLANG_WARN_DIRECT_OBJC_ISA_USAGE = YES_ERROR;
				CLANG_WARN_DOCUMENTATION_COMMENTS = YES;
				CLANG_WARN_EMPTY_BODY = YES;
				CLANG_WARN_ENUM_CONVERSION = YES;
				CLANG_WARN_INFINITE_RECURSION = YES;
				CLANG_WARN_INT_CONVERSION = YES;
				CLANG_WARN_NON_LITERAL_NULL_CONVERSION = YES;
				CLANG_WARN_OBJC_IMPLICIT_RETAIN_SELF = YES;
				CLANG_WARN_OBJC_LITERAL_CONVERSION = YES;
				CLANG_WARN_OBJC_ROOT_CLASS = YES_ERROR;
				CLANG_WARN_RANGE_LOOP_ANALYSIS = YES;
				CLANG_WARN_STRICT_PROTOTYPES = YES;
				CLANG_WARN_SUSPICIOUS_MOVE = YES;
				CLANG_WARN_UNGUARDED_AVAILABILITY = YES_AGGRESSIVE;
				CLANG_WARN_UNREACHABLE_CODE = YES;
				CLANG_WARN__DUPLICATE_METHOD_MATCH = YES;
				COPY_PHASE_STRIP = NO;
				DEBUG_INFORMATION_FORMAT = "dwarf-with-dsym";
				ENABLE_NS_ASSERTIONS = NO;
				ENABLE_STRICT_OBJC_MSGSEND = YES;
				GCC_C_LANGUAGE_STANDARD = gnu11;
				GCC_NO_COMMON_BLOCKS = YES;
				GCC_WARN_64_TO_32_BIT_CONVERSION = YES;
				GCC_WARN_ABOUT_RETURN_TYPE = YES_ERROR;
				GCC_WARN_UNDECLARED_SELECTOR = YES;
				GCC_WARN_UNINITIALIZED_AUTOS = YES_AGGRESSIVE;
				GCC_WARN_UNUSED_FUNCTION = YES;
				GCC_WARN_UNUSED_VARIABLE = YES;
				IPHONEOS_DEPLOYMENT_TARGET = 13.2;
				MTL_ENABLE_DEBUG_INFO = NO;
				MTL_FAST_MATH = YES;
				SDKROOT = iphoneos;
				SWIFT_COMPILATION_MODE = wholemodule;
				SWIFT_OPTIMIZATION_LEVEL = "-O";
				VALIDATE_PRODUCT = YES;
			};
			name = Release;
		};
		4A1549CF25ECE57D005BB883 /* Debug */ = {
			isa = XCBuildConfiguration;
			buildSettings = {
				ASSETCATALOG_COMPILER_APPICON_NAME = AppIcon;
				CODE_SIGN_STYLE = Automatic;
				DEVELOPMENT_TEAM = CSR86G47Y4;
				INFOPLIST_FILE = tabinoShiori/Info.plist;
				LD_RUNPATH_SEARCH_PATHS = (
					"$(inherited)",
					"@executable_path/Frameworks",
				);
				PRODUCT_BUNDLE_IDENTIFIER = com.trip.tabinoShiori;
				PRODUCT_NAME = "$(TARGET_NAME)";
				SWIFT_VERSION = 5.0;
				TARGETED_DEVICE_FAMILY = "1,2";
			};
			name = Debug;
		};
		4A1549D025ECE57D005BB883 /* Release */ = {
			isa = XCBuildConfiguration;
			buildSettings = {
				ASSETCATALOG_COMPILER_APPICON_NAME = AppIcon;
				CODE_SIGN_STYLE = Automatic;
				DEVELOPMENT_TEAM = CSR86G47Y4;
				INFOPLIST_FILE = tabinoShiori/Info.plist;
				LD_RUNPATH_SEARCH_PATHS = (
					"$(inherited)",
					"@executable_path/Frameworks",
				);
				PRODUCT_BUNDLE_IDENTIFIER = com.trip.tabinoShiori;
				PRODUCT_NAME = "$(TARGET_NAME)";
				SWIFT_VERSION = 5.0;
				TARGETED_DEVICE_FAMILY = "1,2";
			};
			name = Release;
		};
/* End XCBuildConfiguration section */

/* Begin XCConfigurationList section */
		4A1549B525ECE57C005BB883 /* Build configuration list for PBXProject "tabinoShiori" */ = {
			isa = XCConfigurationList;
			buildConfigurations = (
				4A1549CC25ECE57D005BB883 /* Debug */,
				4A1549CD25ECE57D005BB883 /* Release */,
			);
			defaultConfigurationIsVisible = 0;
			defaultConfigurationName = Release;
		};
		4A1549CE25ECE57D005BB883 /* Build configuration list for PBXNativeTarget "tabinoShiori" */ = {
			isa = XCConfigurationList;
			buildConfigurations = (
				4A1549CF25ECE57D005BB883 /* Debug */,
				4A1549D025ECE57D005BB883 /* Release */,
			);
			defaultConfigurationIsVisible = 0;
			defaultConfigurationName = Release;
		};
/* End XCConfigurationList section */
	};
	rootObject = 4A1549B225ECE57C005BB883 /* Project object */;
}
